
Microsoft Visual Studio Solution File, Format Version 12.00
# Visual Studio Version 17
VisualStudioVersion = 17.5.33627.172
MinimumVisualStudioVersion = 10.0.40219.1
Project("{9A19103F-16F7-4668-BE54-9A1E7A4F7556}") = "TESTAPI", "TESTAPI\TESTAPI.csproj", "{97B455A9-C8D7-46E3-859E-6C1D871A554E}"
EndProject
Global
	GlobalSection(SolutionConfigurationPlatforms) = preSolution
		Debug|Any CPU = Debug|Any CPU
		Release|Any CPU = Release|Any CPU
	EndGlobalSection
	GlobalSection(ProjectConfigurationPlatforms) = postSolution
		{97B455A9-C8D7-46E3-859E-6C1D871A554E}.Debug|Any CPU.ActiveCfg = Debug|Any CPU
		{97B455A9-C8D7-46E3-859E-6C1D871A554E}.Debug|Any CPU.Build.0 = Debug|Any CPU
		{97B455A9-C8D7-46E3-859E-6C1D871A554E}.Release|Any CPU.ActiveCfg = Release|Any CPU
		{97B455A9-C8D7-46E3-859E-6C1D871A554E}.Release|Any CPU.Build.0 = Release|Any CPU
	EndGlobalSection
	GlobalSection(SolutionProperties) = preSolution
		HideSolutionNode = FALSE
	EndGlobalSection
	GlobalSection(ExtensibilityGlobals) = postSolution
		SolutionGuid = {D54B2D24-F346-4FD9-AEA7-32006244556B}
	EndGlobalSection
EndGlobal
